{
    "name": "mazemasterjs-server",
    "version": "0.1.0",
    "lockfileVersion": 1,
    "requires": true,
    "dependencies": {
        "@types/node": {
            "version": "10.5.3",
            "resolved": "https://registry.npmjs.org/@types/node/-/node-10.5.3.tgz",
            "integrity": "sha512-jQ1p+SyF/z8ygPxfSPKZKMWazlCgTBSyIaC1UCUvkLHDdxdmPQtQFk02X4WFM31Z1BKMAS3MSAK0cRP2c92n6Q==",
            "dev": true
        },
        "@types/seedrandom": {
            "version": "2.4.27",
            "resolved": "https://registry.npmjs.org/@types/seedrandom/-/seedrandom-2.4.27.tgz",
            "integrity": "sha1-nbVjk33YaRX2kJK8QyWdL0hXjkE=",
            "dev": true
        },
        "seedrandom": {
            "version": "2.4.3",
            "resolved": "https://registry.npmjs.org/seedrandom/-/seedrandom-2.4.3.tgz",
            "integrity": "sha1-JDhQTa0zkXMUv/GKxNeU8W1qrsw="
        }
    }
}
